
Microsoft Visual Studio Solution File, Format Version 12.00
# Visual Studio Version 17
VisualStudioVersion = 17.1.32328.378
MinimumVisualStudioVersion = 10.0.40219.1
Project("{8BC9CEB8-8B4A-11D0-8D11-00A0C91BC942}") = "Lasson 17", "Lasson 17.vcxproj", "{C2F6A921-7329-4B2F-9B30-7444BE5AA24A}"
EndProject
Global
	GlobalSection(SolutionConfigurationPlatforms) = preSolution
		Debug|x64 = Debug|x64
		Debug|x86 = Debug|x86
		Release|x64 = Release|x64
		Release|x86 = Release|x86
	EndGlobalSection
	GlobalSection(ProjectConfigurationPlatforms) = postSolution
		{C2F6A921-7329-4B2F-9B30-7444BE5AA24A}.Debug|x64.ActiveCfg = Debug|x64
		{C2F6A921-7329-4B2F-9B30-7444BE5AA24A}.Debug|x64.Build.0 = Debug|x64
		{C2F6A921-7329-4B2F-9B30-7444BE5AA24A}.Debug|x86.ActiveCfg = Debug|Win32
		{C2F6A921-7329-4B2F-9B30-7444BE5AA24A}.Debug|x86.Build.0 = Debug|Win32
		{C2F6A921-7329-4B2F-9B30-7444BE5AA24A}.Release|x64.ActiveCfg = Release|x64
		{C2F6A921-7329-4B2F-9B30-7444BE5AA24A}.Release|x64.Build.0 = Release|x64
		{C2F6A921-7329-4B2F-9B30-7444BE5AA24A}.Release|x86.ActiveCfg = Release|Win32
		{C2F6A921-7329-4B2F-9B30-7444BE5AA24A}.Release|x86.Build.0 = Release|Win32
	EndGlobalSection
	GlobalSection(SolutionProperties) = preSolution
		HideSolutionNode = FALSE
	EndGlobalSection
	GlobalSection(ExtensibilityGlobals) = postSolution
		SolutionGuid = {A82E2DBC-CFBA-430F-B990-9E07748D17CC}
	EndGlobalSection
EndGlobal
